
Microsoft Visual Studio Solution File, Format Version 12.00
# Visual Studio 15
VisualStudioVersion = 15.0.26124.0
MinimumVisualStudioVersion = 15.0.26124.0
Project("{F2A71F9B-5D33-465A-A702-920D77279786}") = "template", "template\template.fsproj", "{DAC7FF55-3941-4ECC-AE77-D09DDADB71DE}"
EndProject
Project("{F2A71F9B-5D33-465A-A702-920D77279786}") = "01", "01\01.fsproj", "{FEDCFB45-EFCF-48BC-96CE-117AA3934538}"
EndProject
Project("{F2A71F9B-5D33-465A-A702-920D77279786}") = "02", "02\02.fsproj", "{217C4FF9-49F1-4E98-BD65-FC5A9BCA8926}"
EndProject
Project("{F2A71F9B-5D33-465A-A702-920D77279786}") = "03", "03\03.fsproj", "{9F879324-A344-4946-AAF7-B57F478E71CD}"
EndProject
Project("{F2A71F9B-5D33-465A-A702-920D77279786}") = "04", "04\04.fsproj", "{6D563CC3-0F16-4E74-AEA3-1D75ED45BD02}"
EndProject
Project("{F2A71F9B-5D33-465A-A702-920D77279786}") = "05", "05\05.fsproj", "{26965CE6-A6FD-467E-AC98-1568690BCEED}"
EndProject
Project("{F2A71F9B-5D33-465A-A702-920D77279786}") = "06", "06\06.fsproj", "{DF2235B4-138B-428C-84E2-2ADACA09DF94}"
EndProject
Project("{F2A71F9B-5D33-465A-A702-920D77279786}") = "common", "common\common.fsproj", "{4875B63C-72FF-48C2-9B31-86E06CB966B6}"
EndProject
Project("{F2A71F9B-5D33-465A-A702-920D77279786}") = "07", "07\07.fsproj", "{F12AE76B-F4BD-4604-BF80-D4B52CF7B60C}"
EndProject
Project("{F2A71F9B-5D33-465A-A702-920D77279786}") = "08", "08\08.fsproj", "{E38728A6-C850-407D-A0E6-5240E4022F0A}"
EndProject
Project("{F2A71F9B-5D33-465A-A702-920D77279786}") = "09", "09\09.fsproj", "{21ABCEE3-ECF2-4A8A-A8F9-3369CE104636}"
EndProject
Project("{F2A71F9B-5D33-465A-A702-920D77279786}") = "10", "10\10.fsproj", "{B8E2F428-3F9C-46A1-ACF0-67ACF2E0C1E3}"
EndProject
Project("{F2A71F9B-5D33-465A-A702-920D77279786}") = "11", "11\11.fsproj", "{AF6A6D83-83B9-447A-AE50-E0B151913E6C}"
EndProject
Global
	GlobalSection(SolutionConfigurationPlatforms) = preSolution
		Debug|Any CPU = Debug|Any CPU
		Debug|x64 = Debug|x64
		Debug|x86 = Debug|x86
		Release|Any CPU = Release|Any CPU
		Release|x64 = Release|x64
		Release|x86 = Release|x86
	EndGlobalSection
	GlobalSection(SolutionProperties) = preSolution
		HideSolutionNode = FALSE
	EndGlobalSection
	GlobalSection(ProjectConfigurationPlatforms) = postSolution
		{DAC7FF55-3941-4ECC-AE77-D09DDADB71DE}.Debug|Any CPU.ActiveCfg = Debug|Any CPU
		{DAC7FF55-3941-4ECC-AE77-D09DDADB71DE}.Debug|Any CPU.Build.0 = Debug|Any CPU
		{DAC7FF55-3941-4ECC-AE77-D09DDADB71DE}.Debug|x64.ActiveCfg = Debug|Any CPU
		{DAC7FF55-3941-4ECC-AE77-D09DDADB71DE}.Debug|x64.Build.0 = Debug|Any CPU
		{DAC7FF55-3941-4ECC-AE77-D09DDADB71DE}.Debug|x86.ActiveCfg = Debug|Any CPU
		{DAC7FF55-3941-4ECC-AE77-D09DDADB71DE}.Debug|x86.Build.0 = Debug|Any CPU
		{DAC7FF55-3941-4ECC-AE77-D09DDADB71DE}.Release|Any CPU.ActiveCfg = Release|Any CPU
		{DAC7FF55-3941-4ECC-AE77-D09DDADB71DE}.Release|Any CPU.Build.0 = Release|Any CPU
		{DAC7FF55-3941-4ECC-AE77-D09DDADB71DE}.Release|x64.ActiveCfg = Release|Any CPU
		{DAC7FF55-3941-4ECC-AE77-D09DDADB71DE}.Release|x64.Build.0 = Release|Any CPU
		{DAC7FF55-3941-4ECC-AE77-D09DDADB71DE}.Release|x86.ActiveCfg = Release|Any CPU
		{DAC7FF55-3941-4ECC-AE77-D09DDADB71DE}.Release|x86.Build.0 = Release|Any CPU
		{FEDCFB45-EFCF-48BC-96CE-117AA3934538}.Debug|Any CPU.ActiveCfg = Debug|Any CPU
		{FEDCFB45-EFCF-48BC-96CE-117AA3934538}.Debug|Any CPU.Build.0 = Debug|Any CPU
		{FEDCFB45-EFCF-48BC-96CE-117AA3934538}.Debug|x64.ActiveCfg = Debug|Any CPU
		{FEDCFB45-EFCF-48BC-96CE-117AA3934538}.Debug|x64.Build.0 = Debug|Any CPU
		{FEDCFB45-EFCF-48BC-96CE-117AA3934538}.Debug|x86.ActiveCfg = Debug|Any CPU
		{FEDCFB45-EFCF-48BC-96CE-117AA3934538}.Debug|x86.Build.0 = Debug|Any CPU
		{FEDCFB45-EFCF-48BC-96CE-117AA3934538}.Release|Any CPU.ActiveCfg = Release|Any CPU
		{FEDCFB45-EFCF-48BC-96CE-117AA3934538}.Release|Any CPU.Build.0 = Release|Any CPU
		{FEDCFB45-EFCF-48BC-96CE-117AA3934538}.Release|x64.ActiveCfg = Release|Any CPU
		{FEDCFB45-EFCF-48BC-96CE-117AA3934538}.Release|x64.Build.0 = Release|Any CPU
		{FEDCFB45-EFCF-48BC-96CE-117AA3934538}.Release|x86.ActiveCfg = Release|Any CPU
		{FEDCFB45-EFCF-48BC-96CE-117AA3934538}.Release|x86.Build.0 = Release|Any CPU
		{217C4FF9-49F1-4E98-BD65-FC5A9BCA8926}.Debug|Any CPU.ActiveCfg = Debug|Any CPU
		{217C4FF9-49F1-4E98-BD65-FC5A9BCA8926}.Debug|Any CPU.Build.0 = Debug|Any CPU
		{217C4FF9-49F1-4E98-BD65-FC5A9BCA8926}.Debug|x64.ActiveCfg = Debug|Any CPU
		{217C4FF9-49F1-4E98-BD65-FC5A9BCA8926}.Debug|x64.Build.0 = Debug|Any CPU
		{217C4FF9-49F1-4E98-BD65-FC5A9BCA8926}.Debug|x86.ActiveCfg = Debug|Any CPU
		{217C4FF9-49F1-4E98-BD65-FC5A9BCA8926}.Debug|x86.Build.0 = Debug|Any CPU
		{217C4FF9-49F1-4E98-BD65-FC5A9BCA8926}.Release|Any CPU.ActiveCfg = Release|Any CPU
		{217C4FF9-49F1-4E98-BD65-FC5A9BCA8926}.Release|Any CPU.Build.0 = Release|Any CPU
		{217C4FF9-49F1-4E98-BD65-FC5A9BCA8926}.Release|x64.ActiveCfg = Release|Any CPU
		{217C4FF9-49F1-4E98-BD65-FC5A9BCA8926}.Release|x64.Build.0 = Release|Any CPU
		{217C4FF9-49F1-4E98-BD65-FC5A9BCA8926}.Release|x86.ActiveCfg = Release|Any CPU
		{217C4FF9-49F1-4E98-BD65-FC5A9BCA8926}.Release|x86.Build.0 = Release|Any CPU
		{9F879324-A344-4946-AAF7-B57F478E71CD}.Debug|Any CPU.ActiveCfg = Debug|Any CPU
		{9F879324-A344-4946-AAF7-B57F478E71CD}.Debug|Any CPU.Build.0 = Debug|Any CPU
		{9F879324-A344-4946-AAF7-B57F478E71CD}.Debug|x64.ActiveCfg = Debug|Any CPU
		{9F879324-A344-4946-AAF7-B57F478E71CD}.Debug|x64.Build.0 = Debug|Any CPU
		{9F879324-A344-4946-AAF7-B57F478E71CD}.Debug|x86.ActiveCfg = Debug|Any CPU
		{9F879324-A344-4946-AAF7-B57F478E71CD}.Debug|x86.Build.0 = Debug|Any CPU
		{9F879324-A344-4946-AAF7-B57F478E71CD}.Release|Any CPU.ActiveCfg = Release|Any CPU
		{9F879324-A344-4946-AAF7-B57F478E71CD}.Release|Any CPU.Build.0 = Release|Any CPU
		{9F879324-A344-4946-AAF7-B57F478E71CD}.Release|x64.ActiveCfg = Release|Any CPU
		{9F879324-A344-4946-AAF7-B57F478E71CD}.Release|x64.Build.0 = Release|Any CPU
		{9F879324-A344-4946-AAF7-B57F478E71CD}.Release|x86.ActiveCfg = Release|Any CPU
		{9F879324-A344-4946-AAF7-B57F478E71CD}.Release|x86.Build.0 = Release|Any CPU
		{6D563CC3-0F16-4E74-AEA3-1D75ED45BD02}.Debug|Any CPU.ActiveCfg = Debug|Any CPU
		{6D563CC3-0F16-4E74-AEA3-1D75ED45BD02}.Debug|Any CPU.Build.0 = Debug|Any CPU
		{6D563CC3-0F16-4E74-AEA3-1D75ED45BD02}.Debug|x64.ActiveCfg = Debug|Any CPU
		{6D563CC3-0F16-4E74-AEA3-1D75ED45BD02}.Debug|x64.Build.0 = Debug|Any CPU
		{6D563CC3-0F16-4E74-AEA3-1D75ED45BD02}.Debug|x86.ActiveCfg = Debug|Any CPU
		{6D563CC3-0F16-4E74-AEA3-1D75ED45BD02}.Debug|x86.Build.0 = Debug|Any CPU
		{6D563CC3-0F16-4E74-AEA3-1D75ED45BD02}.Release|Any CPU.ActiveCfg = Release|Any CPU
		{6D563CC3-0F16-4E74-AEA3-1D75ED45BD02}.Release|Any CPU.Build.0 = Release|Any CPU
		{6D563CC3-0F16-4E74-AEA3-1D75ED45BD02}.Release|x64.ActiveCfg = Release|Any CPU
		{6D563CC3-0F16-4E74-AEA3-1D75ED45BD02}.Release|x64.Build.0 = Release|Any CPU
		{6D563CC3-0F16-4E74-AEA3-1D75ED45BD02}.Release|x86.ActiveCfg = Release|Any CPU
		{6D563CC3-0F16-4E74-AEA3-1D75ED45BD02}.Release|x86.Build.0 = Release|Any CPU
		{26965CE6-A6FD-467E-AC98-1568690BCEED}.Debug|Any CPU.ActiveCfg = Debug|Any CPU
		{26965CE6-A6FD-467E-AC98-1568690BCEED}.Debug|Any CPU.Build.0 = Debug|Any CPU
		{26965CE6-A6FD-467E-AC98-1568690BCEED}.Debug|x64.ActiveCfg = Debug|Any CPU
		{26965CE6-A6FD-467E-AC98-1568690BCEED}.Debug|x64.Build.0 = Debug|Any CPU
		{26965CE6-A6FD-467E-AC98-1568690BCEED}.Debug|x86.ActiveCfg = Debug|Any CPU
		{26965CE6-A6FD-467E-AC98-1568690BCEED}.Debug|x86.Build.0 = Debug|Any CPU
		{26965CE6-A6FD-467E-AC98-1568690BCEED}.Release|Any CPU.ActiveCfg = Release|Any CPU
		{26965CE6-A6FD-467E-AC98-1568690BCEED}.Release|Any CPU.Build.0 = Release|Any CPU
		{26965CE6-A6FD-467E-AC98-1568690BCEED}.Release|x64.ActiveCfg = Release|Any CPU
		{26965CE6-A6FD-467E-AC98-1568690BCEED}.Release|x64.Build.0 = Release|Any CPU
		{26965CE6-A6FD-467E-AC98-1568690BCEED}.Release|x86.ActiveCfg = Release|Any CPU
		{26965CE6-A6FD-467E-AC98-1568690BCEED}.Release|x86.Build.0 = Release|Any CPU
		{DF2235B4-138B-428C-84E2-2ADACA09DF94}.Debug|Any CPU.ActiveCfg = Debug|Any CPU
		{DF2235B4-138B-428C-84E2-2ADACA09DF94}.Debug|Any CPU.Build.0 = Debug|Any CPU
		{DF2235B4-138B-428C-84E2-2ADACA09DF94}.Debug|x64.ActiveCfg = Debug|Any CPU
		{DF2235B4-138B-428C-84E2-2ADACA09DF94}.Debug|x64.Build.0 = Debug|Any CPU
		{DF2235B4-138B-428C-84E2-2ADACA09DF94}.Debug|x86.ActiveCfg = Debug|Any CPU
		{DF2235B4-138B-428C-84E2-2ADACA09DF94}.Debug|x86.Build.0 = Debug|Any CPU
		{DF2235B4-138B-428C-84E2-2ADACA09DF94}.Release|Any CPU.ActiveCfg = Release|Any CPU
		{DF2235B4-138B-428C-84E2-2ADACA09DF94}.Release|Any CPU.Build.0 = Release|Any CPU
		{DF2235B4-138B-428C-84E2-2ADACA09DF94}.Release|x64.ActiveCfg = Release|Any CPU
		{DF2235B4-138B-428C-84E2-2ADACA09DF94}.Release|x64.Build.0 = Release|Any CPU
		{DF2235B4-138B-428C-84E2-2ADACA09DF94}.Release|x86.ActiveCfg = Release|Any CPU
		{DF2235B4-138B-428C-84E2-2ADACA09DF94}.Release|x86.Build.0 = Release|Any CPU
		{4875B63C-72FF-48C2-9B31-86E06CB966B6}.Debug|Any CPU.ActiveCfg = Debug|Any CPU
		{4875B63C-72FF-48C2-9B31-86E06CB966B6}.Debug|Any CPU.Build.0 = Debug|Any CPU
		{4875B63C-72FF-48C2-9B31-86E06CB966B6}.Debug|x64.ActiveCfg = Debug|Any CPU
		{4875B63C-72FF-48C2-9B31-86E06CB966B6}.Debug|x64.Build.0 = Debug|Any CPU
		{4875B63C-72FF-48C2-9B31-86E06CB966B6}.Debug|x86.ActiveCfg = Debug|Any CPU
		{4875B63C-72FF-48C2-9B31-86E06CB966B6}.Debug|x86.Build.0 = Debug|Any CPU
		{4875B63C-72FF-48C2-9B31-86E06CB966B6}.Release|Any CPU.ActiveCfg = Release|Any CPU
		{4875B63C-72FF-48C2-9B31-86E06CB966B6}.Release|Any CPU.Build.0 = Release|Any CPU
		{4875B63C-72FF-48C2-9B31-86E06CB966B6}.Release|x64.ActiveCfg = Release|Any CPU
		{4875B63C-72FF-48C2-9B31-86E06CB966B6}.Release|x64.Build.0 = Release|Any CPU
		{4875B63C-72FF-48C2-9B31-86E06CB966B6}.Release|x86.ActiveCfg = Release|Any CPU
		{4875B63C-72FF-48C2-9B31-86E06CB966B6}.Release|x86.Build.0 = Release|Any CPU
		{F12AE76B-F4BD-4604-BF80-D4B52CF7B60C}.Debug|Any CPU.ActiveCfg = Debug|Any CPU
		{F12AE76B-F4BD-4604-BF80-D4B52CF7B60C}.Debug|Any CPU.Build.0 = Debug|Any CPU
		{F12AE76B-F4BD-4604-BF80-D4B52CF7B60C}.Debug|x64.ActiveCfg = Debug|Any CPU
		{F12AE76B-F4BD-4604-BF80-D4B52CF7B60C}.Debug|x64.Build.0 = Debug|Any CPU
		{F12AE76B-F4BD-4604-BF80-D4B52CF7B60C}.Debug|x86.ActiveCfg = Debug|Any CPU
		{F12AE76B-F4BD-4604-BF80-D4B52CF7B60C}.Debug|x86.Build.0 = Debug|Any CPU
		{F12AE76B-F4BD-4604-BF80-D4B52CF7B60C}.Release|Any CPU.ActiveCfg = Release|Any CPU
		{F12AE76B-F4BD-4604-BF80-D4B52CF7B60C}.Release|Any CPU.Build.0 = Release|Any CPU
		{F12AE76B-F4BD-4604-BF80-D4B52CF7B60C}.Release|x64.ActiveCfg = Release|Any CPU
		{F12AE76B-F4BD-4604-BF80-D4B52CF7B60C}.Release|x64.Build.0 = Release|Any CPU
		{F12AE76B-F4BD-4604-BF80-D4B52CF7B60C}.Release|x86.ActiveCfg = Release|Any CPU
		{F12AE76B-F4BD-4604-BF80-D4B52CF7B60C}.Release|x86.Build.0 = Release|Any CPU
		{E38728A6-C850-407D-A0E6-5240E4022F0A}.Debug|Any CPU.ActiveCfg = Debug|Any CPU
		{E38728A6-C850-407D-A0E6-5240E4022F0A}.Debug|Any CPU.Build.0 = Debug|Any CPU
		{E38728A6-C850-407D-A0E6-5240E4022F0A}.Debug|x64.ActiveCfg = Debug|Any CPU
		{E38728A6-C850-407D-A0E6-5240E4022F0A}.Debug|x64.Build.0 = Debug|Any CPU
		{E38728A6-C850-407D-A0E6-5240E4022F0A}.Debug|x86.ActiveCfg = Debug|Any CPU
		{E38728A6-C850-407D-A0E6-5240E4022F0A}.Debug|x86.Build.0 = Debug|Any CPU
		{E38728A6-C850-407D-A0E6-5240E4022F0A}.Release|Any CPU.ActiveCfg = Release|Any CPU
		{E38728A6-C850-407D-A0E6-5240E4022F0A}.Release|Any CPU.Build.0 = Release|Any CPU
		{E38728A6-C850-407D-A0E6-5240E4022F0A}.Release|x64.ActiveCfg = Release|Any CPU
		{E38728A6-C850-407D-A0E6-5240E4022F0A}.Release|x64.Build.0 = Release|Any CPU
		{E38728A6-C850-407D-A0E6-5240E4022F0A}.Release|x86.ActiveCfg = Release|Any CPU
		{E38728A6-C850-407D-A0E6-5240E4022F0A}.Release|x86.Build.0 = Release|Any CPU
		{21ABCEE3-ECF2-4A8A-A8F9-3369CE104636}.Debug|Any CPU.ActiveCfg = Debug|Any CPU
		{21ABCEE3-ECF2-4A8A-A8F9-3369CE104636}.Debug|Any CPU.Build.0 = Debug|Any CPU
		{21ABCEE3-ECF2-4A8A-A8F9-3369CE104636}.Debug|x64.ActiveCfg = Debug|Any CPU
		{21ABCEE3-ECF2-4A8A-A8F9-3369CE104636}.Debug|x64.Build.0 = Debug|Any CPU
		{21ABCEE3-ECF2-4A8A-A8F9-3369CE104636}.Debug|x86.ActiveCfg = Debug|Any CPU
		{21ABCEE3-ECF2-4A8A-A8F9-3369CE104636}.Debug|x86.Build.0 = Debug|Any CPU
		{21ABCEE3-ECF2-4A8A-A8F9-3369CE104636}.Release|Any CPU.ActiveCfg = Release|Any CPU
		{21ABCEE3-ECF2-4A8A-A8F9-3369CE104636}.Release|Any CPU.Build.0 = Release|Any CPU
		{21ABCEE3-ECF2-4A8A-A8F9-3369CE104636}.Release|x64.ActiveCfg = Release|Any CPU
		{21ABCEE3-ECF2-4A8A-A8F9-3369CE104636}.Release|x64.Build.0 = Release|Any CPU
		{21ABCEE3-ECF2-4A8A-A8F9-3369CE104636}.Release|x86.ActiveCfg = Release|Any CPU
		{21ABCEE3-ECF2-4A8A-A8F9-3369CE104636}.Release|x86.Build.0 = Release|Any CPU
		{B8E2F428-3F9C-46A1-ACF0-67ACF2E0C1E3}.Debug|Any CPU.ActiveCfg = Debug|Any CPU
		{B8E2F428-3F9C-46A1-ACF0-67ACF2E0C1E3}.Debug|Any CPU.Build.0 = Debug|Any CPU
		{B8E2F428-3F9C-46A1-ACF0-67ACF2E0C1E3}.Debug|x64.ActiveCfg = Debug|Any CPU
		{B8E2F428-3F9C-46A1-ACF0-67ACF2E0C1E3}.Debug|x64.Build.0 = Debug|Any CPU
		{B8E2F428-3F9C-46A1-ACF0-67ACF2E0C1E3}.Debug|x86.ActiveCfg = Debug|Any CPU
		{B8E2F428-3F9C-46A1-ACF0-67ACF2E0C1E3}.Debug|x86.Build.0 = Debug|Any CPU
		{B8E2F428-3F9C-46A1-ACF0-67ACF2E0C1E3}.Release|Any CPU.ActiveCfg = Release|Any CPU
		{B8E2F428-3F9C-46A1-ACF0-67ACF2E0C1E3}.Release|Any CPU.Build.0 = Release|Any CPU
		{B8E2F428-3F9C-46A1-ACF0-67ACF2E0C1E3}.Release|x64.ActiveCfg = Release|Any CPU
		{B8E2F428-3F9C-46A1-ACF0-67ACF2E0C1E3}.Release|x64.Build.0 = Release|Any CPU
		{B8E2F428-3F9C-46A1-ACF0-67ACF2E0C1E3}.Release|x86.ActiveCfg = Release|Any CPU
		{B8E2F428-3F9C-46A1-ACF0-67ACF2E0C1E3}.Release|x86.Build.0 = Release|Any CPU
		{AF6A6D83-83B9-447A-AE50-E0B151913E6C}.Debug|Any CPU.ActiveCfg = Debug|Any CPU
		{AF6A6D83-83B9-447A-AE50-E0B151913E6C}.Debug|Any CPU.Build.0 = Debug|Any CPU
		{AF6A6D83-83B9-447A-AE50-E0B151913E6C}.Debug|x64.ActiveCfg = Debug|Any CPU
		{AF6A6D83-83B9-447A-AE50-E0B151913E6C}.Debug|x64.Build.0 = Debug|Any CPU
		{AF6A6D83-83B9-447A-AE50-E0B151913E6C}.Debug|x86.ActiveCfg = Debug|Any CPU
		{AF6A6D83-83B9-447A-AE50-E0B151913E6C}.Debug|x86.Build.0 = Debug|Any CPU
		{AF6A6D83-83B9-447A-AE50-E0B151913E6C}.Release|Any CPU.ActiveCfg = Release|Any CPU
		{AF6A6D83-83B9-447A-AE50-E0B151913E6C}.Release|Any CPU.Build.0 = Release|Any CPU
		{AF6A6D83-83B9-447A-AE50-E0B151913E6C}.Release|x64.ActiveCfg = Release|Any CPU
		{AF6A6D83-83B9-447A-AE50-E0B151913E6C}.Release|x64.Build.0 = Release|Any CPU
		{AF6A6D83-83B9-447A-AE50-E0B151913E6C}.Release|x86.ActiveCfg = Release|Any CPU
		{AF6A6D83-83B9-447A-AE50-E0B151913E6C}.Release|x86.Build.0 = Release|Any CPU
	EndGlobalSection
EndGlobal
